
Microsoft Visual Studio Solution File, Format Version 12.00
# Visual Studio Version 17
VisualStudioVersion = 17.6.33717.318
MinimumVisualStudioVersion = 10.0.40219.1
Project("{FAE04EC0-301F-11D3-BF4B-00C04F79EFBC}") = "ListOfPredicates", "ListOfPredicates.csproj", "{811625B6-6110-47A4-A017-23A02FE3A722}"
EndProject
Project("{FAE04EC0-301F-11D3-BF4B-00C04F79EFBC}") = "PredicateParty!", "..\PredicateParty!\PredicateParty!.csproj", "{A1EC5988-D9A4-40BB-8A03-D86C212B880C}"
EndProject
Global
	GlobalSection(SolutionConfigurationPlatforms) = preSolution
		Debug|Any CPU = Debug|Any CPU
		Release|Any CPU = Release|Any CPU
	EndGlobalSection
	GlobalSection(ProjectConfigurationPlatforms) = postSolution
		{811625B6-6110-47A4-A017-23A02FE3A722}.Debug|Any CPU.ActiveCfg = Debug|Any CPU
		{811625B6-6110-47A4-A017-23A02FE3A722}.Debug|Any CPU.Build.0 = Debug|Any CPU
		{811625B6-6110-47A4-A017-23A02FE3A722}.Release|Any CPU.ActiveCfg = Release|Any CPU
		{811625B6-6110-47A4-A017-23A02FE3A722}.Release|Any CPU.Build.0 = Release|Any CPU
		{A1EC5988-D9A4-40BB-8A03-D86C212B880C}.Debug|Any CPU.ActiveCfg = Debug|Any CPU
		{A1EC5988-D9A4-40BB-8A03-D86C212B880C}.Debug|Any CPU.Build.0 = Debug|Any CPU
		{A1EC5988-D9A4-40BB-8A03-D86C212B880C}.Release|Any CPU.ActiveCfg = Release|Any CPU
		{A1EC5988-D9A4-40BB-8A03-D86C212B880C}.Release|Any CPU.Build.0 = Release|Any CPU
	EndGlobalSection
	GlobalSection(SolutionProperties) = preSolution
		HideSolutionNode = FALSE
	EndGlobalSection
	GlobalSection(ExtensibilityGlobals) = postSolution
		SolutionGuid = {9B07E381-5AD4-4D30-A555-525E992AE245}
	EndGlobalSection
EndGlobal
