
Microsoft Visual Studio Solution File, Format Version 12.00
# Visual Studio Version 17
VisualStudioVersion = 17.6.33829.357
MinimumVisualStudioVersion = 10.0.40219.1
Project("{9A19103F-16F7-4668-BE54-9A1E7A4F7556}") = "P01_StudentSystem", "P01_StudentSystem.csproj", "{61A1CE06-B590-4D3F-B134-47F87061B14A}"
EndProject
Project("{9A19103F-16F7-4668-BE54-9A1E7A4F7556}") = "P01_StudentSystem.Data", "..\P01_StudentSystem.Data\P01_StudentSystem.Data.csproj", "{72A5062D-6737-441E-A556-1252109FB9C6}"
EndProject
Project("{9A19103F-16F7-4668-BE54-9A1E7A4F7556}") = "P01_StudentSystem.Data.Models", "..\P01_StudentSystem.Data.Models\P01_StudentSystem.Data.Models.csproj", "{84777F90-1B8D-43CB-958F-C5156F6BA2C9}"
EndProject
Project("{FAE04EC0-301F-11D3-BF4B-00C04F79EFBC}") = "TestProject1", "..\TestProject1\TestProject1.csproj", "{0C616EEC-D073-4EC8-8B35-A8CBCD6696A2}"
EndProject
Global
	GlobalSection(SolutionConfigurationPlatforms) = preSolution
		Debug|Any CPU = Debug|Any CPU
		Release|Any CPU = Release|Any CPU
	EndGlobalSection
	GlobalSection(ProjectConfigurationPlatforms) = postSolution
		{61A1CE06-B590-4D3F-B134-47F87061B14A}.Debug|Any CPU.ActiveCfg = Debug|Any CPU
		{61A1CE06-B590-4D3F-B134-47F87061B14A}.Debug|Any CPU.Build.0 = Debug|Any CPU
		{61A1CE06-B590-4D3F-B134-47F87061B14A}.Release|Any CPU.ActiveCfg = Release|Any CPU
		{61A1CE06-B590-4D3F-B134-47F87061B14A}.Release|Any CPU.Build.0 = Release|Any CPU
		{72A5062D-6737-441E-A556-1252109FB9C6}.Debug|Any CPU.ActiveCfg = Debug|Any CPU
		{72A5062D-6737-441E-A556-1252109FB9C6}.Debug|Any CPU.Build.0 = Debug|Any CPU
		{72A5062D-6737-441E-A556-1252109FB9C6}.Release|Any CPU.ActiveCfg = Release|Any CPU
		{72A5062D-6737-441E-A556-1252109FB9C6}.Release|Any CPU.Build.0 = Release|Any CPU
		{84777F90-1B8D-43CB-958F-C5156F6BA2C9}.Debug|Any CPU.ActiveCfg = Debug|Any CPU
		{84777F90-1B8D-43CB-958F-C5156F6BA2C9}.Debug|Any CPU.Build.0 = Debug|Any CPU
		{84777F90-1B8D-43CB-958F-C5156F6BA2C9}.Release|Any CPU.ActiveCfg = Release|Any CPU
		{84777F90-1B8D-43CB-958F-C5156F6BA2C9}.Release|Any CPU.Build.0 = Release|Any CPU
		{0C616EEC-D073-4EC8-8B35-A8CBCD6696A2}.Debug|Any CPU.ActiveCfg = Debug|Any CPU
		{0C616EEC-D073-4EC8-8B35-A8CBCD6696A2}.Debug|Any CPU.Build.0 = Debug|Any CPU
		{0C616EEC-D073-4EC8-8B35-A8CBCD6696A2}.Release|Any CPU.ActiveCfg = Release|Any CPU
		{0C616EEC-D073-4EC8-8B35-A8CBCD6696A2}.Release|Any CPU.Build.0 = Release|Any CPU
	EndGlobalSection
	GlobalSection(SolutionProperties) = preSolution
		HideSolutionNode = FALSE
	EndGlobalSection
	GlobalSection(ExtensibilityGlobals) = postSolution
		SolutionGuid = {2E73A385-FA38-42ED-99CC-46201329BD0B}
	EndGlobalSection
EndGlobal
