
Microsoft Visual Studio Solution File, Format Version 12.00
# Visual Studio Version 17
VisualStudioVersion = 17.8.34511.84
MinimumVisualStudioVersion = 10.0.40219.1
Project("{9A19103F-16F7-4668-BE54-9A1E7A4F7556}") = "ShoppingList", "ShoppingList.csproj", "{819551D1-58F5-4FCB-94DD-3BC7D0D26B10}"
EndProject
Project("{9A19103F-16F7-4668-BE54-9A1E7A4F7556}") = "ShoppingList.Core", "..\ShoppingList.Core\ShoppingList.Core.csproj", "{ADDB964E-F8E0-4D2F-A86F-1649159C4C00}"
EndProject
Project("{9A19103F-16F7-4668-BE54-9A1E7A4F7556}") = "ShoppingList.Infrastructure", "..\ShoppingList.Infrastructure\ShoppingList.Infrastructure.csproj", "{BE9EB502-980B-4416-89D6-07C794C12A53}"
EndProject
Global
	GlobalSection(SolutionConfigurationPlatforms) = preSolution
		Debug|Any CPU = Debug|Any CPU
		Release|Any CPU = Release|Any CPU
	EndGlobalSection
	GlobalSection(ProjectConfigurationPlatforms) = postSolution
		{819551D1-58F5-4FCB-94DD-3BC7D0D26B10}.Debug|Any CPU.ActiveCfg = Debug|Any CPU
		{819551D1-58F5-4FCB-94DD-3BC7D0D26B10}.Debug|Any CPU.Build.0 = Debug|Any CPU
		{819551D1-58F5-4FCB-94DD-3BC7D0D26B10}.Release|Any CPU.ActiveCfg = Release|Any CPU
		{819551D1-58F5-4FCB-94DD-3BC7D0D26B10}.Release|Any CPU.Build.0 = Release|Any CPU
		{ADDB964E-F8E0-4D2F-A86F-1649159C4C00}.Debug|Any CPU.ActiveCfg = Debug|Any CPU
		{ADDB964E-F8E0-4D2F-A86F-1649159C4C00}.Debug|Any CPU.Build.0 = Debug|Any CPU
		{ADDB964E-F8E0-4D2F-A86F-1649159C4C00}.Release|Any CPU.ActiveCfg = Release|Any CPU
		{ADDB964E-F8E0-4D2F-A86F-1649159C4C00}.Release|Any CPU.Build.0 = Release|Any CPU
		{BE9EB502-980B-4416-89D6-07C794C12A53}.Debug|Any CPU.ActiveCfg = Debug|Any CPU
		{BE9EB502-980B-4416-89D6-07C794C12A53}.Debug|Any CPU.Build.0 = Debug|Any CPU
		{BE9EB502-980B-4416-89D6-07C794C12A53}.Release|Any CPU.ActiveCfg = Release|Any CPU
		{BE9EB502-980B-4416-89D6-07C794C12A53}.Release|Any CPU.Build.0 = Release|Any CPU
	EndGlobalSection
	GlobalSection(SolutionProperties) = preSolution
		HideSolutionNode = FALSE
	EndGlobalSection
	GlobalSection(ExtensibilityGlobals) = postSolution
		SolutionGuid = {FD1FA34C-8978-4280-B879-F43BD2F81450}
	EndGlobalSection
EndGlobal
